
Microsoft Visual Studio Solution File, Format Version 12.00
# Visual Studio Version 16
VisualStudioVersion = 16.0.32106.194
MinimumVisualStudioVersion = 10.0.40219.1
Project("{FAE04EC0-301F-11D3-BF4B-00C04F79EFBC}") = "EPC", "EPC\EPC.csproj", "{81B880C7-F3A3-4429-95A9-BA2AEC5F482A}"
EndProject
Global
	GlobalSection(SolutionConfigurationPlatforms) = preSolution
		Debug|Any CPU = Debug|Any CPU
		Release|Any CPU = Release|Any CPU
	EndGlobalSection
	GlobalSection(ProjectConfigurationPlatforms) = postSolution
		{81B880C7-F3A3-4429-95A9-BA2AEC5F482A}.Debug|Any CPU.ActiveCfg = Debug|Any CPU
		{81B880C7-F3A3-4429-95A9-BA2AEC5F482A}.Debug|Any CPU.Build.0 = Debug|Any CPU
		{81B880C7-F3A3-4429-95A9-BA2AEC5F482A}.Release|Any CPU.ActiveCfg = Release|Any CPU
		{81B880C7-F3A3-4429-95A9-BA2AEC5F482A}.Release|Any CPU.Build.0 = Release|Any CPU
	EndGlobalSection
	GlobalSection(SolutionProperties) = preSolution
		HideSolutionNode = FALSE
	EndGlobalSection
	GlobalSection(ExtensibilityGlobals) = postSolution
		SolutionGuid = {48545D0F-D3EE-41EB-8A2F-CB74A28CE324}
	EndGlobalSection
EndGlobal
